# THIS IS AN AUTOGENERATED FILE. DO NOT EDIT THIS FILE DIRECTLY.
# yarn lockfile v1


"@abp/aspnetcore.mvc.ui.theme.leptonxlite@~4.2.1":
  version "4.2.1"
  resolved "https://registry.npmmirror.com/@abp/aspnetcore.mvc.ui.theme.leptonxlite/-/aspnetcore.mvc.ui.theme.leptonxlite-4.2.1.tgz#3e3cc78b0d1d56113d459d61e01125bffada0c21"
  integrity sha512-unZMV9HY13Kq00FZROVlo9po+foivENEoM7jUmZWlxOQjxBwa3/VJaxwQIXd9DZOqdpJpi5zUv/pSb6DqiZkfg==
  dependencies:
    "@abp/aspnetcore.mvc.ui.theme.shared" "~9.2.1"

"@abp/aspnetcore.mvc.ui.theme.shared@~9.2.1":
  version "9.2.1"
  resolved "https://registry.npmmirror.com/@abp/aspnetcore.mvc.ui.theme.shared/-/aspnetcore.mvc.ui.theme.shared-9.2.1.tgz#35f6de6f106c80592ce70d36b6e8b20c64862803"
  integrity sha512-kZz1tgUguGHxwG1MRkbkeXn9sIjbCOHJcBU+w+XuWwCqigM2yaE+KgnASDcjCrjQiPu6i73hf9OwtxXY1UbGMQ==
  dependencies:
    "@abp/aspnetcore.mvc.ui" "~9.2.1"
    "@abp/bootstrap" "~9.2.1"
    "@abp/bootstrap-datepicker" "~9.2.1"
    "@abp/bootstrap-daterangepicker" "~9.2.1"
    "@abp/datatables.net-bs5" "~9.2.1"
    "@abp/font-awesome" "~9.2.1"
    "@abp/jquery-form" "~9.2.1"
    "@abp/jquery-validation-unobtrusive" "~9.2.1"
    "@abp/lodash" "~9.2.1"
    "@abp/luxon" "~9.2.1"
    "@abp/malihu-custom-scrollbar-plugin" "~9.2.1"
    "@abp/moment" "~9.2.1"
    "@abp/select2" "~9.2.1"
    "@abp/sweetalert2" "~9.2.1"
    "@abp/timeago" "~9.2.1"

"@abp/aspnetcore.mvc.ui@~9.2.1":
  version "9.2.1"
  resolved "https://registry.npmmirror.com/@abp/aspnetcore.mvc.ui/-/aspnetcore.mvc.ui-9.2.1.tgz#8b30f830d85f7e1f4a386b0ef8d0444e2550bc42"
  integrity sha512-0C41JpevGynbyHGeKkqLUSVNK64QETsKVyVWY4fSZkChGHlD09Fn3qIlHJInpBqJ9qNYs5VQ7RRP02PSum9mAg==
  dependencies:
    ansi-colors "^4.1.3"

"@abp/bootstrap-datepicker@~9.2.1":
  version "9.2.1"
  resolved "https://registry.npmmirror.com/@abp/bootstrap-datepicker/-/bootstrap-datepicker-9.2.1.tgz#373c8715d175ca23a8871bacdb5f017b070254aa"
  integrity sha512-uaCpz5EDSZYDacjnYoqTiktTDFGnGJPEHYh5eG4BORlQta53Hvak7m2CkRVjdOaXtuPLi6EbWPSh2bHIfhKRyQ==
  dependencies:
    bootstrap-datepicker "^1.10.0"

"@abp/bootstrap-daterangepicker@~9.2.1":
  version "9.2.1"
  resolved "https://registry.npmmirror.com/@abp/bootstrap-daterangepicker/-/bootstrap-daterangepicker-9.2.1.tgz#b49e17a4753b09d49bfad6774a7f185e7e5bf71c"
  integrity sha512-kd6LEACfx7CBIQOAiE/RHFp/WnthE2iz/eivl3fwuz1VgAO0CBIQ7hYoX91GaAIQgt+OAcgGbOl2G6E284EM9Q==
  dependencies:
    bootstrap-daterangepicker "^3.1.0"

"@abp/bootstrap@~9.2.1":
  version "9.2.1"
  resolved "https://registry.npmmirror.com/@abp/bootstrap/-/bootstrap-9.2.1.tgz#ddf624e95f1dab4a8fce8d20b6dccd2b3d3f1679"
  integrity sha512-NghAVP7M/Y2y9GYDu7IWo8oW7EyJEO+1NnPqCudpjWX4C6B27d7ghJ7I0MfrHoRq9/hBJZ07AKf3KMAZQD99ng==
  dependencies:
    "@abp/core" "~9.2.1"
    bootstrap "^5.3.3"

"@abp/core@~9.2.1":
  version "9.2.1"
  resolved "https://registry.npmmirror.com/@abp/core/-/core-9.2.1.tgz#f7c635f1fe88fc3fbbc4accaa6aee2dc3b5631a7"
  integrity sha512-onCzS2w+U+wBv5FRDCVE176AiyZDMm1D5GaqiEnpuAwsBncFpFyZedC95dtPmykagJbpOvHVSPOLyZ2jzGjcYg==
  dependencies:
    "@abp/utils" "~9.2.1"

"@abp/datatables.net-bs5@~9.2.1":
  version "9.2.1"
  resolved "https://registry.npmmirror.com/@abp/datatables.net-bs5/-/datatables.net-bs5-9.2.1.tgz#ff69059e96d5341166fa8d08390e9bb352010e5d"
  integrity sha512-NEkf8xWTIYFDs9lAAPs0hOL2UD+pnVwyix/9IAtip3BIkyPFpLCniNWbu1WhuNJpfmLHrWPSqIrouR80gGL7PQ==
  dependencies:
    "@abp/datatables.net" "~9.2.1"
    datatables.net-bs5 "^2.1.8"

"@abp/datatables.net@~9.2.1":
  version "9.2.1"
  resolved "https://registry.npmmirror.com/@abp/datatables.net/-/datatables.net-9.2.1.tgz#0a5ab74ca44cd785efb487f0447e8acdea9d7aa1"
  integrity sha512-A9TSPRNUV0eeCPnpGV9Htu9ZylUf3e03smYcbEROQHe+htwhcEV5dz8SLAI90baPi2g7VnyPav/3efaqo+ETdg==
  dependencies:
    "@abp/jquery" "~9.2.1"
    datatables.net "^2.1.8"

"@abp/font-awesome@~9.2.1":
  version "9.2.1"
  resolved "https://registry.npmmirror.com/@abp/font-awesome/-/font-awesome-9.2.1.tgz#a387f1cf457bdb6e3cd30bd9f4c455a41f8ca0b1"
  integrity sha512-RVo3422BItdAAmafSCH/mT1Ux8q6yUz7nswGep4beP1k1VfmFExj1mgVphIpAlH3DWyzfnwUOq7lLWf/Ul2dOA==
  dependencies:
    "@abp/core" "~9.2.1"
    "@fortawesome/fontawesome-free" "^6.6.0"

"@abp/jquery-form@~9.2.1":
  version "9.2.1"
  resolved "https://registry.npmmirror.com/@abp/jquery-form/-/jquery-form-9.2.1.tgz#727b391c36e8ff46b62cb01be14715a05fe74b4f"
  integrity sha512-n6EpUNNRzilOzP5rYTWr9K2mPQbvBQAuxPiwUZpfwf+QpJrs+NppJMaC06HFbHcSkDDy/utd+P1/sqWaJjL/tw==
  dependencies:
    "@abp/jquery" "~9.2.1"
    jquery-form "^4.3.0"

"@abp/jquery-validation-unobtrusive@~9.2.1":
  version "9.2.1"
  resolved "https://registry.npmmirror.com/@abp/jquery-validation-unobtrusive/-/jquery-validation-unobtrusive-9.2.1.tgz#98215811818e618d96a1dcac6419962fd39c6fef"
  integrity sha512-7no3KxRW3agw4EAM5iTvQjE4+m9JrjuMAV20gAU0uVPB2+sHlluEAks0IU9wz76T+Ac7osferUZz33LgdDvIaw==
  dependencies:
    "@abp/jquery-validation" "~9.2.1"
    jquery-validation-unobtrusive "^4.0.0"

"@abp/jquery-validation@~9.2.1":
  version "9.2.1"
  resolved "https://registry.npmmirror.com/@abp/jquery-validation/-/jquery-validation-9.2.1.tgz#559c581523e4e098f2bf67627dfe6c7ef0e1c3c1"
  integrity sha512-AEGm3agbwr1f5kmXvpBeiDmsS22P88zVr8NJDICGsgBxZofKndXsDFciNZGu6lXF5qXp8AwGRi//QPaCeQsP8g==
  dependencies:
    "@abp/jquery" "~9.2.1"
    jquery-validation "^1.21.0"

"@abp/jquery@~9.2.1":
  version "9.2.1"
  resolved "https://registry.npmmirror.com/@abp/jquery/-/jquery-9.2.1.tgz#bbcc9eab9cef528a8163f5062665ffcf2b87c2f0"
  integrity sha512-gdDIKMNEpeUdzUu5C/g6j568ytJ7ifaDxBr1NYf2kJ34p7y6rrBmyY+sL+xR3ZlcGgyPGXyFhTLRD7qTjXlkPg==
  dependencies:
    "@abp/core" "~9.2.1"
    jquery "~3.7.1"

"@abp/lodash@~9.2.1":
  version "9.2.1"
  resolved "https://registry.npmmirror.com/@abp/lodash/-/lodash-9.2.1.tgz#a80ab7a908a0332b721277b1193209187fab57d8"
  integrity sha512-I2+XYqwMi3+FXCv4xp5hBoJmOszg2WR1gnGc+Qd0zwb2VAbG4MvKVFgM/GUAFD8EKlquGyPf3f+4l5FkaPFkrQ==
  dependencies:
    "@abp/core" "~9.2.1"
    lodash "^4.17.21"

"@abp/luxon@~9.2.1":
  version "9.2.1"
  resolved "https://registry.npmmirror.com/@abp/luxon/-/luxon-9.2.1.tgz#7e3d197425813cfc6932cd3f9f09f97ecd2f4fc7"
  integrity sha512-2tyOZRmq9jQN0Uhg8WaHfEzL0Xeew04sbA8O9bqw28psRbXaWXEVdElRMBNt50sZkFPhHFoxxFN7PR8obs0Qug==
  dependencies:
    "@abp/core" "~9.2.1"
    luxon "^3.5.0"

"@abp/malihu-custom-scrollbar-plugin@~9.2.1":
  version "9.2.1"
  resolved "https://registry.npmmirror.com/@abp/malihu-custom-scrollbar-plugin/-/malihu-custom-scrollbar-plugin-9.2.1.tgz#b0fa249885d442ba84657c7705df73851cb56db1"
  integrity sha512-fzgQZsbN0xLMxEWh7znKAI4j0CPb8ciT/3x+QguGZDJf7OFw0YnEWctfEYJnnGG28HpHs1mh64gjqoeceHy0HQ==
  dependencies:
    "@abp/core" "~9.2.1"
    malihu-custom-scrollbar-plugin "^3.1.5"

"@abp/moment@~9.2.1":
  version "9.2.1"
  resolved "https://registry.npmmirror.com/@abp/moment/-/moment-9.2.1.tgz#9982c65d63171962091b08fc4e0d1ea98cc1f0eb"
  integrity sha512-V4KH1WmahP0BoaQGLEY4a0AQyfk1cLeNMk3qCPtuqIUbOFwimJY3oQgpelilEwjI3oD/upMzGphjLGrfQLRM2A==
  dependencies:
    moment "^2.30.1"

"@abp/select2@~9.2.1":
  version "9.2.1"
  resolved "https://registry.npmmirror.com/@abp/select2/-/select2-9.2.1.tgz#5c3c6a4b0018b533491d6a46540069782559c57a"
  integrity sha512-p743cnoohNLKX11ptnBcN5z9+ZyC11M9mwRR6SWbW5f1Eqvbkq03bf2mDFUfukCNis4RefeURZunPlsBOmRn/A==
  dependencies:
    "@abp/core" "~9.2.1"
    select2 "^4.0.13"

"@abp/sweetalert2@~9.2.1":
  version "9.2.1"
  resolved "https://registry.npmmirror.com/@abp/sweetalert2/-/sweetalert2-9.2.1.tgz#3db7e33855614460d2fdc5e3f8b65530902fcd9a"
  integrity sha512-fJYLVxc5pAJoSLIcQYf5xRkPVnVQi/5+xwTgOePy3QeygOrAMpGS7vy+MIq7Mn+tBoEFlQ/Jn+NoB04AIYYPFw==
  dependencies:
    "@abp/core" "~9.2.1"
    sweetalert2 "^11.14.1"

"@abp/timeago@~9.2.1":
  version "9.2.1"
  resolved "https://registry.npmmirror.com/@abp/timeago/-/timeago-9.2.1.tgz#6904e2d7bda57b436e3385c5fd1899b9cd806dd8"
  integrity sha512-fmsPuBouWR/BvhXN53yJpg1Se06uIL7ox8XOgx1MHCe+1vxbXnFCtM2VujfowWtOSTJOzbL1DHcDpFE7JlkOag==
  dependencies:
    "@abp/jquery" "~9.2.1"
    timeago "^1.6.7"

"@abp/utils@~9.2.1":
  version "9.2.1"
  resolved "https://registry.npmmirror.com/@abp/utils/-/utils-9.2.1.tgz#803fd48927ae332309f8a7005806c6aa6e499750"
  integrity sha512-+j0SNB/K2j2xTTijy/qCL3ds2c/7OW4nrJ8Ccq17WtEqP+jk2TtJi0EnLqhNTDih0A++XV+pcftUC+cQ0h1cUw==
  dependencies:
    just-compare "^2.3.0"

"@fortawesome/fontawesome-free@^6.6.0":
  version "6.7.2"
  resolved "https://registry.npmmirror.com/@fortawesome/fontawesome-free/-/fontawesome-free-6.7.2.tgz#8249de9b7e22fcb3ceb5e66090c30a1d5492b81a"
  integrity sha512-JUOtgFW6k9u4Y+xeIaEiLr3+cjoUPiAuLXoyKOJSia6Duzb7pq+A76P9ZdPDoAoxHdHzq6gE9/jKBGXlZT8FbA==

ansi-colors@^4.1.3:
  version "4.1.3"
  resolved "https://registry.npmmirror.com/ansi-colors/-/ansi-colors-4.1.3.tgz#37611340eb2243e70cc604cad35d63270d48781b"
  integrity sha512-/6w/C21Pm1A7aZitlI5Ni/2J6FFQN8i1Cvz3kHABAAbw93v/NlvKdVOqz7CCWz/3iv/JplRSEEZ83XION15ovw==

bootstrap-datepicker@^1.10.0:
  version "1.10.0"
  resolved "https://registry.npmmirror.com/bootstrap-datepicker/-/bootstrap-datepicker-1.10.0.tgz#61612bbe8bf0a69a5bce32bbcdda93ebb6ccf24a"
  integrity sha512-lWxtSYddAQOpbAO8UhYhHLcK6425eWoSjb5JDvZU3ePHEPF6A3eUr51WKaFy4PccU19JRxUG6wEU3KdhtKfvpg==
  dependencies:
    jquery ">=3.4.0 <4.0.0"

bootstrap-daterangepicker@^3.1.0:
  version "3.1.0"
  resolved "https://registry.npmjs.org/bootstrap-daterangepicker/-/bootstrap-daterangepicker-3.1.0.tgz#632e6fb2de4b6360c5c0a9d5f6adb9aace051fe8"
  integrity sha512-oaQZx6ZBDo/dZNyXGVi2rx5GmFXThyQLAxdtIqjtLlYVaQUfQALl5JZMJJZzyDIX7blfy4ppZPAJ10g8Ma4d/g==
  dependencies:
    jquery ">=1.10"
    moment "^2.9.0"

bootstrap@^5.3.3:
  version "5.3.3"
  resolved "https://registry.npmmirror.com/bootstrap/-/bootstrap-5.3.3.tgz#de35e1a765c897ac940021900fcbb831602bac38"
  integrity sha512-8HLCdWgyoMguSO9o+aH+iuZ+aht+mzW0u3HIMzVu7Srrpv7EBBxTnrFlSCskwdY1+EOFQSm7uMJhNQHkdPcmjg==

datatables.net-bs5@^2.1.8:
  version "2.1.8"
  resolved "https://registry.npmmirror.com/datatables.net-bs5/-/datatables.net-bs5-2.1.8.tgz#860717c4ee85ecb84812ba9a73fb1204aa2a68b6"
  integrity sha512-YlGws8eI3iw/1AmKJH18+YMzm/UgGb6o9s14KAC24QT1/8anolm8GnVAgGcwUcvHm3hn1i8A5QXqgbqeMRINeg==
  dependencies:
    datatables.net "2.1.8"
    jquery ">=1.7"

datatables.net@2.1.8, datatables.net@^2.1.8:
  version "2.1.8"
  resolved "https://registry.npmmirror.com/datatables.net/-/datatables.net-2.1.8.tgz#9b020f18e927cc924d72411f62dc595cc688669b"
  integrity sha512-47ULt+U4bcjbuGTpTlT6SnCuSFVRBxxdWa6X3NfvTObBJ2BZU0o+JUIl05wQ6cABNIavjbAV51gpgvFsMHL9zA==
  dependencies:
    jquery ">=1.7"

jquery-form@^4.3.0:
  version "4.3.0"
  resolved "https://registry.npmjs.org/jquery-form/-/jquery-form-4.3.0.tgz#7d3961c314a1f2d15298f4af1d3943f54f4149c6"
  integrity sha512-q3uaVCEWdLOYUCI6dpNdwf/7cJFOsUgdpq6r0taxtGQ5NJSkOzofyWm4jpOuJ5YxdmL1FI5QR+q+HB63HHLGnQ==
  dependencies:
    jquery ">=1.7.2"

jquery-mousewheel@>=3.0.6:
  version "3.1.13"
  resolved "https://registry.npmjs.org/jquery-mousewheel/-/jquery-mousewheel-3.1.13.tgz#06f0335f16e353a695e7206bf50503cb523a6ee5"
  integrity sha512-GXhSjfOPyDemM005YCEHvzrEALhKDIswtxSHSR2e4K/suHVJKJxxRCGz3skPjNxjJjQa9AVSGGlYjv1M3VLIPg==

jquery-validation-unobtrusive@^4.0.0:
  version "4.0.0"
  resolved "https://registry.npmmirror.com/jquery-validation-unobtrusive/-/jquery-validation-unobtrusive-4.0.0.tgz#dfcf25a558496a2c883db6021d10f5398d15f99d"
  integrity sha512-1ervYFFv6LX/rp7ktuLnMakHNG0piNRDyROI8Ir3hL1vPIwylAehB1AY3BPrYJnzW3WmwWryZq+Bz4sazZK9iQ==
  dependencies:
    jquery "^3.6.0"
    jquery-validation ">=1.19"

jquery-validation@>=1.19, jquery-validation@^1.21.0:
  version "1.21.0"
  resolved "https://registry.npmmirror.com/jquery-validation/-/jquery-validation-1.21.0.tgz#78fc05ab76020912a246af3661b3f54a438bca93"
  integrity sha512-xNot0rlUIgu7duMcQ5qb6MGkGL/Z1PQaRJQoZAURW9+a/2PGOUxY36o/WyNeP2T9R6jvWB8Z9lUVvvQWI/Zs5w==

jquery@>=1.10, "jquery@>=1.5.0 <4.0", jquery@>=1.7, jquery@>=1.7.2, "jquery@>=3.4.0 <4.0.0", jquery@^3.6.0, jquery@~3.7.1:
  version "3.7.1"
  resolved "https://registry.npmjs.org/jquery/-/jquery-3.7.1.tgz#083ef98927c9a6a74d05a6af02806566d16274de"
  integrity sha512-m4avr8yL8kmFN8psrbFFFmB/If14iN5o9nw/NgnnM+kybDJpRsAynV2BsfpTYrTRysYUdADVD7CkUUizgkpLfg==

just-compare@^2.3.0:
  version "2.3.0"
  resolved "https://registry.npmjs.org/just-compare/-/just-compare-2.3.0.tgz#a2adcc1d1940536263275f5a1ef1298bcacfeda7"
  integrity sha512-6shoR7HDT+fzfL3gBahx1jZG3hWLrhPAf+l7nCwahDdT9XDtosB9kIF0ZrzUp5QY8dJWfQVr5rnsPqsbvflDzg==

lodash@^4.17.21:
  version "4.17.21"
  resolved "https://registry.npmjs.org/lodash/-/lodash-4.17.21.tgz#679591c564c3bffaae8454cf0b3df370c3d6911c"
  integrity sha512-v2kDEe57lecTulaDIuNTPy3Ry4gLGJ6Z1O3vE1krgXZNrsQ+LFTGHVxVjcXPs17LhbZVGedAJv8XZ1tvj5FvSg==

luxon@^3.5.0:
  version "3.5.0"
  resolved "https://registry.npmmirror.com/luxon/-/luxon-3.5.0.tgz#6b6f65c5cd1d61d1fd19dbf07ee87a50bf4b8e20"
  integrity sha512-rh+Zjr6DNfUYR3bPwJEnuwDdqMbxZW7LOQfUN4B54+Cl+0o5zaU9RJ6bcidfDtC1cWCZXQ+nvX8bf6bAji37QQ==

malihu-custom-scrollbar-plugin@^3.1.5:
  version "3.1.5"
  resolved "https://registry.npmjs.org/malihu-custom-scrollbar-plugin/-/malihu-custom-scrollbar-plugin-3.1.5.tgz#310cecc5e59415a1c29e9dfb5d2b6e01d66a29ef"
  integrity sha512-lwW3LgI+CNDMPnP4ED2la6oYxWMkCXlnhex+s2wuOLhFDFGnGmQuTQVdRK9bvDLpxs10sGlfErVufJy9ztfgJQ==
  dependencies:
    jquery-mousewheel ">=3.0.6"

moment@^2.30.1, moment@^2.9.0:
  version "2.30.1"
  resolved "https://registry.npmjs.org/moment/-/moment-2.30.1.tgz#f8c91c07b7a786e30c59926df530b4eac96974ae"
  integrity sha512-uEmtNhbDOrWPFS+hdjFCBfy9f2YoyzRpwcl+DqpC6taX21FzsTLQVbMV/W7PzNSX6x/bhC1zA3c2UQ5NzH6how==

select2@^4.0.13:
  version "4.0.13"
  resolved "https://registry.npmjs.org/select2/-/select2-4.0.13.tgz#0dbe377df3f96167c4c1626033e924372d8ef44d"
  integrity sha512-1JeB87s6oN/TDxQQYCvS5EFoQyvV6eYMZZ0AeA4tdFDYWN3BAGZ8npr17UBFddU0lgAt3H0yjX3X6/ekOj1yjw==

sweetalert2@^11.14.1:
  version "11.15.3"
  resolved "https://registry.npmmirror.com/sweetalert2/-/sweetalert2-11.15.3.tgz#6322a7c5fa2e835d5a3570c83e55071e357cd4a7"
  integrity sha512-+0imNg+XYL8tKgx8hM0xoiXX3KfgxHDmiDc8nTJFO89fQEEhJlkecSdyYOZ3IhVMcUmoNte4fTIwWiugwkPU6w==

timeago@^1.6.7:
  version "1.6.7"
  resolved "https://registry.npmjs.org/timeago/-/timeago-1.6.7.tgz#afd467c29a911e697fc22a81888c7c3022783cb5"
  integrity sha512-FikcjN98+ij0siKH4VO4dZ358PR3oDDq4Vdl1+sN9gWz1/+JXGr3uZbUShYH/hL7bMhcTpPbplJU5Tej4b4jbQ==
  dependencies:
    jquery ">=1.5.0 <4.0"
