# THIS IS AN AUTOGENERATED FILE. DO NOT EDIT THIS FILE DIRECTLY.
# yarn lockfile v1


"@abp/aspnetcore.mvc.ui.theme.leptonxlite@~4.1.1":
  version "4.1.1"
  resolved "https://registry.npmmirror.com/@abp/aspnetcore.mvc.ui.theme.leptonxlite/-/aspnetcore.mvc.ui.theme.leptonxlite-4.1.1.tgz#d652340cb8d7bf806cba84ebb864df9e888c7110"
  integrity sha512-bp0Ri/VKcdMusNV/HLPHIdXsuCEH69GIO/nVmC4caaJ7LFGKFS+5iCtaNvbiRd5HLNgmH8dYRqBDpt1ezUS/Pw==
  dependencies:
    "@abp/aspnetcore.mvc.ui.theme.shared" "~9.1.1"

"@abp/aspnetcore.mvc.ui.theme.shared@~9.1.1":
  version "9.1.1"
  resolved "https://registry.npmmirror.com/@abp/aspnetcore.mvc.ui.theme.shared/-/aspnetcore.mvc.ui.theme.shared-9.1.1.tgz#ce63c65c006b89e195b69b5940147eac9221b2b4"
  integrity sha512-qXmCvlfQ8PXnhyZ8s4stKmCBS6FVAgN3+hLLlG6IpV0kHnyh/ARvg8VLZTfdE+6DTEANvZvxoVsI+Caum8ujjg==
  dependencies:
    "@abp/aspnetcore.mvc.ui" "~9.1.1"
    "@abp/bootstrap" "~9.1.1"
    "@abp/bootstrap-datepicker" "~9.1.1"
    "@abp/bootstrap-daterangepicker" "~9.1.1"
    "@abp/datatables.net-bs5" "~9.1.1"
    "@abp/font-awesome" "~9.1.1"
    "@abp/jquery-form" "~9.1.1"
    "@abp/jquery-validation-unobtrusive" "~9.1.1"
    "@abp/lodash" "~9.1.1"
    "@abp/luxon" "~9.1.1"
    "@abp/malihu-custom-scrollbar-plugin" "~9.1.1"
    "@abp/moment" "~9.1.1"
    "@abp/select2" "~9.1.1"
    "@abp/sweetalert2" "~9.1.1"
    "@abp/timeago" "~9.1.1"
    "@abp/toastr" "~9.1.1"

"@abp/aspnetcore.mvc.ui@~9.1.1":
  version "9.1.1"
  resolved "https://registry.npmmirror.com/@abp/aspnetcore.mvc.ui/-/aspnetcore.mvc.ui-9.1.1.tgz#6de1d3eed264317cd46413b64b2a2db2a49c7400"
  integrity sha512-zK6OpJiVR1G5Rex0/bVOjy5wSvEG1LLogT+mPwQT2H8Gc+4XVhkzwLBbCCTF0SqFRE9vobyQSGBXqKqOJepwpA==
  dependencies:
    ansi-colors "^4.1.3"

"@abp/bootstrap-datepicker@~9.1.1":
  version "9.1.1"
  resolved "https://registry.npmmirror.com/@abp/bootstrap-datepicker/-/bootstrap-datepicker-9.1.1.tgz#782f4e48e50e0fe9066d91367dcfc0d245aaba20"
  integrity sha512-xDFSDGQmUqFesI8Ccmzj3J7EMfP9SV1ejB5+DhQPSGCVZYXD4TiyvDGaJ6C6GRu+GyZw4G4GbZwsmMGe1Ae8VA==
  dependencies:
    bootstrap-datepicker "^1.10.0"

"@abp/bootstrap-daterangepicker@~9.1.1":
  version "9.1.1"
  resolved "https://registry.npmmirror.com/@abp/bootstrap-daterangepicker/-/bootstrap-daterangepicker-9.1.1.tgz#00c49fd2427e21f125e0cd6c7b11fd2d49fa257b"
  integrity sha512-sZ5NJgX66Ge9kf7ZejI/kn7TcG5RW7biC4pDXPxbqncpL2+aUnvgnxj9TDVctvK3tmhNMB8QD87InqWCNlrzZg==
  dependencies:
    bootstrap-daterangepicker "^3.1.0"

"@abp/bootstrap@~9.1.1":
  version "9.1.1"
  resolved "https://registry.npmmirror.com/@abp/bootstrap/-/bootstrap-9.1.1.tgz#a7ae45028c5dfaed1a9f2754398c53a7176720cb"
  integrity sha512-qhW2Gu906hayNeifueU3/RhywgxWAj/fOaLREpPqduyf0kc4TzFsv4sH/38Dctb7nS0oTNmbkhDenIkvs4rhfQ==
  dependencies:
    "@abp/core" "~9.1.1"
    bootstrap "^5.3.3"

"@abp/core@~9.1.1":
  version "9.1.1"
  resolved "https://registry.npmmirror.com/@abp/core/-/core-9.1.1.tgz#af8f8d110c1e8eb6456a184821911ea838fe02dc"
  integrity sha512-vCTaTkcggI/+tEz4APYDdqGgNrZv4toHmZA79pQJAIQ3sA6wWhiXKkTwixes4zXBc9D2BncG8YA2bnUyU/4CTw==
  dependencies:
    "@abp/utils" "~9.1.1"

"@abp/datatables.net-bs5@~9.1.1":
  version "9.1.1"
  resolved "https://registry.npmmirror.com/@abp/datatables.net-bs5/-/datatables.net-bs5-9.1.1.tgz#ebea184de20145912bd392d7c9b57d592a9818c1"
  integrity sha512-kevt5npN/EV2rsLSLq4RQsRy2w/THO+ElYNWZy7nS1sljWQWiijLjCZexsoaoCsaR0OZtTOp5Ke9wrSoBSu/HQ==
  dependencies:
    "@abp/datatables.net" "~9.1.1"
    datatables.net-bs5 "^2.1.8"

"@abp/datatables.net@~9.1.1":
  version "9.1.1"
  resolved "https://registry.npmmirror.com/@abp/datatables.net/-/datatables.net-9.1.1.tgz#4c225b117e101a270daa79b7a2eb2060843de449"
  integrity sha512-xBlMoeKOHnULrrYnrexxdjD6oTpJkpZx1jcxp3nLDdQ50ONESlWq22cpEpe77B7uSCXDw/+iY3gk0M2WIPHeCw==
  dependencies:
    "@abp/jquery" "~9.1.1"
    datatables.net "^2.1.8"

"@abp/font-awesome@~9.1.1":
  version "9.1.1"
  resolved "https://registry.npmmirror.com/@abp/font-awesome/-/font-awesome-9.1.1.tgz#ee882d33604c9020f5d83ebbc764b90a0b445359"
  integrity sha512-lSvbsHXmnQsvmL27day5/N11gTUHi08KmAKXuA7A759YVwnI4B5FnK4bxUR9zeXMe7QA+eJNy7VaP8Dr45tonA==
  dependencies:
    "@abp/core" "~9.1.1"
    "@fortawesome/fontawesome-free" "^6.6.0"

"@abp/jquery-form@~9.1.1":
  version "9.1.1"
  resolved "https://registry.npmmirror.com/@abp/jquery-form/-/jquery-form-9.1.1.tgz#1f040394c70c372fca182903942e01c86d686c04"
  integrity sha512-c7BZwNE0jNE+rqlYUKUDOQLKiqadQY/3pWRpug84Q2QgQsbZ5OAAGwELZXeqH8C7hqIi9nWKEe2F0Gcl3zoufg==
  dependencies:
    "@abp/jquery" "~9.1.1"
    jquery-form "^4.3.0"

"@abp/jquery-validation-unobtrusive@~9.1.1":
  version "9.1.1"
  resolved "https://registry.npmmirror.com/@abp/jquery-validation-unobtrusive/-/jquery-validation-unobtrusive-9.1.1.tgz#96505d06936cd4f1ef094535e112d65d9e54a04d"
  integrity sha512-XBHWTSjapCvSf+ztLCmkbODZTy4H+ve4D/X181yyNa3z1kbEsfyy3xaAki+HWO7LUjZsK/TOUYtf1jw9IDCGcA==
  dependencies:
    "@abp/jquery-validation" "~9.1.1"
    jquery-validation-unobtrusive "^4.0.0"

"@abp/jquery-validation@~9.1.1":
  version "9.1.1"
  resolved "https://registry.npmmirror.com/@abp/jquery-validation/-/jquery-validation-9.1.1.tgz#109be465a79ebf503f9f55eafd89bd00e7d02f6d"
  integrity sha512-eua0S8iZp5iRFuMgHobmt2Ss1u1f9K8IULPIdGplAr6wTrGPrqiCr3dJ9lpwXE8i73Iupt3Pb/hLngF91hZlIg==
  dependencies:
    "@abp/jquery" "~9.1.1"
    jquery-validation "^1.21.0"

"@abp/jquery@~9.1.1":
  version "9.1.1"
  resolved "https://registry.npmmirror.com/@abp/jquery/-/jquery-9.1.1.tgz#521ee8089324281f64173c3922c45577bf815d45"
  integrity sha512-RfU8AZImohj4jjfwIWIcqlYqsOINhBm7gZcFdaBuDoZB07bdE4I+kVZtIJMuPyrge3xxhJTQ4SyL1zjqLR0xjQ==
  dependencies:
    "@abp/core" "~9.1.1"
    jquery "~3.7.1"

"@abp/lodash@~9.1.1":
  version "9.1.1"
  resolved "https://registry.npmmirror.com/@abp/lodash/-/lodash-9.1.1.tgz#6827cbe2d584d19e414d451c33d20c9dbddc67f1"
  integrity sha512-fHtJaa02+F5yUpLYpqW+KyxMX1C41Fw+Qi4BHHmG4MhJiNweveUx3FT3KriZSkigFkUF2eBvodhR3zV274R8SA==
  dependencies:
    "@abp/core" "~9.1.1"
    lodash "^4.17.21"

"@abp/luxon@~9.1.1":
  version "9.1.1"
  resolved "https://registry.npmmirror.com/@abp/luxon/-/luxon-9.1.1.tgz#b0b038b3e1c5f4c926c79ac739f3fd208a8f92f4"
  integrity sha512-0QocsKyA3P08uZObU6GL+Zoq4i4Bx2j5VcUXtlqCNKmmZWsE2mXidS/qHfo2iLTy3JYh3615OYNr13cCuxG8Gw==
  dependencies:
    "@abp/core" "~9.1.1"
    luxon "^3.5.0"

"@abp/malihu-custom-scrollbar-plugin@~9.1.1":
  version "9.1.1"
  resolved "https://registry.npmmirror.com/@abp/malihu-custom-scrollbar-plugin/-/malihu-custom-scrollbar-plugin-9.1.1.tgz#6f10b5507fc4261046068937fcf7cb61dab32b77"
  integrity sha512-9OOa7WYldiLx/xCnnW2iWj2m8eL3aVqTyjh6CDEGZo2cNUQ5ufw/L4NkQSs0WcvEzbRYMRdlS8a3WwUz5M2PDw==
  dependencies:
    "@abp/core" "~9.1.1"
    malihu-custom-scrollbar-plugin "^3.1.5"

"@abp/moment@~9.1.1":
  version "9.1.1"
  resolved "https://registry.npmmirror.com/@abp/moment/-/moment-9.1.1.tgz#417427c0062bb39385cdcf1f9ef33a0ec623e509"
  integrity sha512-AjsDYOWSkywoWeW1ujePmMSr5FhQt6giDfa2Gctj+X3nFa8hemz4kKkF89aqDiGzOLGzB87Ng1oqizr1vR3uag==
  dependencies:
    moment "^2.30.1"

"@abp/select2@~9.1.1":
  version "9.1.1"
  resolved "https://registry.npmmirror.com/@abp/select2/-/select2-9.1.1.tgz#9b8c9c45125d0811169b3b866a426dfac82f84ca"
  integrity sha512-6AG31XQkTJdweKifqNnAXZeSXHOwZmdDIym1b0s2OfJTnvS5EJykXQ3rpYwNElWJ0OGsN0MO+241Hdxuvf60/Q==
  dependencies:
    "@abp/core" "~9.1.1"
    select2 "^4.0.13"

"@abp/sweetalert2@~9.1.1":
  version "9.1.1"
  resolved "https://registry.npmmirror.com/@abp/sweetalert2/-/sweetalert2-9.1.1.tgz#c506792c772e71ba18e42d4cff90423db59886e0"
  integrity sha512-PWZRNSWDeWbA97dOej2ZAybIaKGwMr7K++65hEUrn+6KA8kKlBzYpLGXDg+zI1zwRo79MfAfvl31MZDgx05oUg==
  dependencies:
    "@abp/core" "~9.1.1"
    sweetalert2 "^11.14.1"

"@abp/timeago@~9.1.1":
  version "9.1.1"
  resolved "https://registry.npmmirror.com/@abp/timeago/-/timeago-9.1.1.tgz#ca4e665bee789ca6552ba0e4a0e1b3018a7698a5"
  integrity sha512-6Jw4C/5/mpUPiP/NY/QOQYwXJbSlJ4jTYmiEOeE/C9SeFb8WBwFKK8weNlOqgVZyCDgMvXJvccpiIH/c76SfNA==
  dependencies:
    "@abp/jquery" "~9.1.1"
    timeago "^1.6.7"

"@abp/toastr@~9.1.1":
  version "9.1.1"
  resolved "https://registry.npmmirror.com/@abp/toastr/-/toastr-9.1.1.tgz#d5fcb0dfb3aa516d64dd69130c65b2e64a82e72f"
  integrity sha512-AwpDr4SsFm4h9+IDEa0ABIPG4rj1oi4dnkCQ/vD0lzWpTgTuknz5bt5DAnZDZk1MT/0u9ylpbn2hkVIpvRwk5w==
  dependencies:
    "@abp/jquery" "~9.1.1"
    toastr "^2.1.4"

"@abp/utils@~9.1.1":
  version "9.1.1"
  resolved "https://registry.npmmirror.com/@abp/utils/-/utils-9.1.1.tgz#048f03e9a526c8b72ada6d3fd94b5b574144664d"
  integrity sha512-xuoXcHF9zy2UIU4In9zKmFmJtg2XDoNFmKId9zbLJ3wmbKgirSgiS13+QTfCFPfAS3ZnQ9ZeugslFwa2JRLOIg==
  dependencies:
    just-compare "^2.3.0"

"@fortawesome/fontawesome-free@^6.6.0":
  version "6.7.2"
  resolved "https://registry.npmmirror.com/@fortawesome/fontawesome-free/-/fontawesome-free-6.7.2.tgz#8249de9b7e22fcb3ceb5e66090c30a1d5492b81a"
  integrity sha512-JUOtgFW6k9u4Y+xeIaEiLr3+cjoUPiAuLXoyKOJSia6Duzb7pq+A76P9ZdPDoAoxHdHzq6gE9/jKBGXlZT8FbA==

ansi-colors@^4.1.3:
  version "4.1.3"
  resolved "https://registry.npmmirror.com/ansi-colors/-/ansi-colors-4.1.3.tgz#37611340eb2243e70cc604cad35d63270d48781b"
  integrity sha512-/6w/C21Pm1A7aZitlI5Ni/2J6FFQN8i1Cvz3kHABAAbw93v/NlvKdVOqz7CCWz/3iv/JplRSEEZ83XION15ovw==

bootstrap-datepicker@^1.10.0:
  version "1.10.0"
  resolved "https://registry.npmmirror.com/bootstrap-datepicker/-/bootstrap-datepicker-1.10.0.tgz#61612bbe8bf0a69a5bce32bbcdda93ebb6ccf24a"
  integrity sha512-lWxtSYddAQOpbAO8UhYhHLcK6425eWoSjb5JDvZU3ePHEPF6A3eUr51WKaFy4PccU19JRxUG6wEU3KdhtKfvpg==
  dependencies:
    jquery ">=3.4.0 <4.0.0"

bootstrap-daterangepicker@^3.1.0:
  version "3.1.0"
  resolved "https://registry.npmjs.org/bootstrap-daterangepicker/-/bootstrap-daterangepicker-3.1.0.tgz#632e6fb2de4b6360c5c0a9d5f6adb9aace051fe8"
  integrity sha512-oaQZx6ZBDo/dZNyXGVi2rx5GmFXThyQLAxdtIqjtLlYVaQUfQALl5JZMJJZzyDIX7blfy4ppZPAJ10g8Ma4d/g==
  dependencies:
    jquery ">=1.10"
    moment "^2.9.0"

bootstrap@^5.3.3:
  version "5.3.3"
  resolved "https://registry.npmmirror.com/bootstrap/-/bootstrap-5.3.3.tgz#de35e1a765c897ac940021900fcbb831602bac38"
  integrity sha512-8HLCdWgyoMguSO9o+aH+iuZ+aht+mzW0u3HIMzVu7Srrpv7EBBxTnrFlSCskwdY1+EOFQSm7uMJhNQHkdPcmjg==

datatables.net-bs5@^2.1.8:
  version "2.1.8"
  resolved "https://registry.npmmirror.com/datatables.net-bs5/-/datatables.net-bs5-2.1.8.tgz#860717c4ee85ecb84812ba9a73fb1204aa2a68b6"
  integrity sha512-YlGws8eI3iw/1AmKJH18+YMzm/UgGb6o9s14KAC24QT1/8anolm8GnVAgGcwUcvHm3hn1i8A5QXqgbqeMRINeg==
  dependencies:
    datatables.net "2.1.8"
    jquery ">=1.7"

datatables.net@2.1.8, datatables.net@^2.1.8:
  version "2.1.8"
  resolved "https://registry.npmmirror.com/datatables.net/-/datatables.net-2.1.8.tgz#9b020f18e927cc924d72411f62dc595cc688669b"
  integrity sha512-47ULt+U4bcjbuGTpTlT6SnCuSFVRBxxdWa6X3NfvTObBJ2BZU0o+JUIl05wQ6cABNIavjbAV51gpgvFsMHL9zA==
  dependencies:
    jquery ">=1.7"

jquery-form@^4.3.0:
  version "4.3.0"
  resolved "https://registry.npmjs.org/jquery-form/-/jquery-form-4.3.0.tgz#7d3961c314a1f2d15298f4af1d3943f54f4149c6"
  integrity sha512-q3uaVCEWdLOYUCI6dpNdwf/7cJFOsUgdpq6r0taxtGQ5NJSkOzofyWm4jpOuJ5YxdmL1FI5QR+q+HB63HHLGnQ==
  dependencies:
    jquery ">=1.7.2"

jquery-mousewheel@>=3.0.6:
  version "3.1.13"
  resolved "https://registry.npmjs.org/jquery-mousewheel/-/jquery-mousewheel-3.1.13.tgz#06f0335f16e353a695e7206bf50503cb523a6ee5"
  integrity sha512-GXhSjfOPyDemM005YCEHvzrEALhKDIswtxSHSR2e4K/suHVJKJxxRCGz3skPjNxjJjQa9AVSGGlYjv1M3VLIPg==

jquery-validation-unobtrusive@^4.0.0:
  version "4.0.0"
  resolved "https://registry.npmmirror.com/jquery-validation-unobtrusive/-/jquery-validation-unobtrusive-4.0.0.tgz#dfcf25a558496a2c883db6021d10f5398d15f99d"
  integrity sha512-1ervYFFv6LX/rp7ktuLnMakHNG0piNRDyROI8Ir3hL1vPIwylAehB1AY3BPrYJnzW3WmwWryZq+Bz4sazZK9iQ==
  dependencies:
    jquery "^3.6.0"
    jquery-validation ">=1.19"

jquery-validation@>=1.19, jquery-validation@^1.21.0:
  version "1.21.0"
  resolved "https://registry.npmmirror.com/jquery-validation/-/jquery-validation-1.21.0.tgz#78fc05ab76020912a246af3661b3f54a438bca93"
  integrity sha512-xNot0rlUIgu7duMcQ5qb6MGkGL/Z1PQaRJQoZAURW9+a/2PGOUxY36o/WyNeP2T9R6jvWB8Z9lUVvvQWI/Zs5w==

jquery@>=1.10, jquery@>=1.12.0, "jquery@>=1.5.0 <4.0", jquery@>=1.7, jquery@>=1.7.2, "jquery@>=3.4.0 <4.0.0", jquery@^3.6.0, jquery@~3.7.1:
  version "3.7.1"
  resolved "https://registry.npmjs.org/jquery/-/jquery-3.7.1.tgz#083ef98927c9a6a74d05a6af02806566d16274de"
  integrity sha512-m4avr8yL8kmFN8psrbFFFmB/If14iN5o9nw/NgnnM+kybDJpRsAynV2BsfpTYrTRysYUdADVD7CkUUizgkpLfg==

just-compare@^2.3.0:
  version "2.3.0"
  resolved "https://registry.npmjs.org/just-compare/-/just-compare-2.3.0.tgz#a2adcc1d1940536263275f5a1ef1298bcacfeda7"
  integrity sha512-6shoR7HDT+fzfL3gBahx1jZG3hWLrhPAf+l7nCwahDdT9XDtosB9kIF0ZrzUp5QY8dJWfQVr5rnsPqsbvflDzg==

lodash@^4.17.21:
  version "4.17.21"
  resolved "https://registry.npmjs.org/lodash/-/lodash-4.17.21.tgz#679591c564c3bffaae8454cf0b3df370c3d6911c"
  integrity sha512-v2kDEe57lecTulaDIuNTPy3Ry4gLGJ6Z1O3vE1krgXZNrsQ+LFTGHVxVjcXPs17LhbZVGedAJv8XZ1tvj5FvSg==

luxon@^3.5.0:
  version "3.5.0"
  resolved "https://registry.npmmirror.com/luxon/-/luxon-3.5.0.tgz#6b6f65c5cd1d61d1fd19dbf07ee87a50bf4b8e20"
  integrity sha512-rh+Zjr6DNfUYR3bPwJEnuwDdqMbxZW7LOQfUN4B54+Cl+0o5zaU9RJ6bcidfDtC1cWCZXQ+nvX8bf6bAji37QQ==

malihu-custom-scrollbar-plugin@^3.1.5:
  version "3.1.5"
  resolved "https://registry.npmjs.org/malihu-custom-scrollbar-plugin/-/malihu-custom-scrollbar-plugin-3.1.5.tgz#310cecc5e59415a1c29e9dfb5d2b6e01d66a29ef"
  integrity sha512-lwW3LgI+CNDMPnP4ED2la6oYxWMkCXlnhex+s2wuOLhFDFGnGmQuTQVdRK9bvDLpxs10sGlfErVufJy9ztfgJQ==
  dependencies:
    jquery-mousewheel ">=3.0.6"

moment@^2.30.1, moment@^2.9.0:
  version "2.30.1"
  resolved "https://registry.npmjs.org/moment/-/moment-2.30.1.tgz#f8c91c07b7a786e30c59926df530b4eac96974ae"
  integrity sha512-uEmtNhbDOrWPFS+hdjFCBfy9f2YoyzRpwcl+DqpC6taX21FzsTLQVbMV/W7PzNSX6x/bhC1zA3c2UQ5NzH6how==

select2@^4.0.13:
  version "4.0.13"
  resolved "https://registry.npmjs.org/select2/-/select2-4.0.13.tgz#0dbe377df3f96167c4c1626033e924372d8ef44d"
  integrity sha512-1JeB87s6oN/TDxQQYCvS5EFoQyvV6eYMZZ0AeA4tdFDYWN3BAGZ8npr17UBFddU0lgAt3H0yjX3X6/ekOj1yjw==

sweetalert2@^11.14.1:
  version "11.15.3"
  resolved "https://registry.npmmirror.com/sweetalert2/-/sweetalert2-11.15.3.tgz#6322a7c5fa2e835d5a3570c83e55071e357cd4a7"
  integrity sha512-+0imNg+XYL8tKgx8hM0xoiXX3KfgxHDmiDc8nTJFO89fQEEhJlkecSdyYOZ3IhVMcUmoNte4fTIwWiugwkPU6w==

timeago@^1.6.7:
  version "1.6.7"
  resolved "https://registry.npmjs.org/timeago/-/timeago-1.6.7.tgz#afd467c29a911e697fc22a81888c7c3022783cb5"
  integrity sha512-FikcjN98+ij0siKH4VO4dZ358PR3oDDq4Vdl1+sN9gWz1/+JXGr3uZbUShYH/hL7bMhcTpPbplJU5Tej4b4jbQ==
  dependencies:
    jquery ">=1.5.0 <4.0"

toastr@^2.1.4:
  version "2.1.4"
  resolved "https://registry.npmjs.org/toastr/-/toastr-2.1.4.tgz#8b43be64fb9d0c414871446f2db8e8ca4e95f181"
  integrity sha512-LIy77F5n+sz4tefMmFOntcJ6HL0Fv3k1TDnNmFZ0bU/GcvIIfy6eG2v7zQmMiYgaalAiUv75ttFrPn5s0gyqlA==
  dependencies:
    jquery ">=1.12.0"
